{
  "originHash" : "5b468b8f4abe87c03f91b2e01dcb88d328ca2a3766a6594b4dc68cb748a21df9",
  "pins" : [
    {
      "identity" : "gobii-api-swift",
      "kind" : "remoteSourceControl",
      "location" : "https://github.com/matt-greathouse/gobii-api-swift.git",
      "state" : {
        "branch" : "main",
        "revision" : "7993eb707760ff9ac1c75c4d81ef4150da212f35"
      }
    }
  ],
  "version" : 3
}
